
Microsoft Visual Studio Solution File, Format Version 12.00
# Visual Studio Version 16
VisualStudioVersion = 16.0.30711.63
MinimumVisualStudioVersion = 10.0.40219.1
Project("{E24C65DC-7377-472B-9ABA-BC803B73C61A}") = "FruitIshido_Node_Sqlite3_Framework7", ".", "{65879799-AC02-4558-97F8-BFF203B83EFE}"
	ProjectSection(WebsiteProperties) = preProject
		TargetFrameworkMoniker = ".NETFramework,Version%3Dv4.0"
		Debug.AspNetCompiler.VirtualPath = "/localhost_12938"
		Debug.AspNetCompiler.PhysicalPath = "..\..\..\..\..\Portfolio\FruitIshido\FruitIshido_Node_Sqlite3_Framework7\"
		Debug.AspNetCompiler.TargetPath = "PrecompiledWeb\localhost_12938\"
		Debug.AspNetCompiler.Updateable = "true"
		Debug.AspNetCompiler.ForceOverwrite = "true"
		Debug.AspNetCompiler.FixedNames = "false"
		Debug.AspNetCompiler.Debug = "True"
		Release.AspNetCompiler.VirtualPath = "/localhost_12938"
		Release.AspNetCompiler.PhysicalPath = "..\..\..\..\..\Portfolio\FruitIshido\FruitIshido_Node_Sqlite3_Framework7\"
		Release.AspNetCompiler.TargetPath = "PrecompiledWeb\localhost_12938\"
		Release.AspNetCompiler.Updateable = "true"
		Release.AspNetCompiler.ForceOverwrite = "true"
		Release.AspNetCompiler.FixedNames = "false"
		Release.AspNetCompiler.Debug = "False"
		VWDPort = "12938"
	EndProjectSection
EndProject
Global
	GlobalSection(SolutionConfigurationPlatforms) = preSolution
		Debug|Any CPU = Debug|Any CPU
	EndGlobalSection
	GlobalSection(ProjectConfigurationPlatforms) = postSolution
		{65879799-AC02-4558-97F8-BFF203B83EFE}.Debug|Any CPU.ActiveCfg = Debug|Any CPU
		{65879799-AC02-4558-97F8-BFF203B83EFE}.Debug|Any CPU.Build.0 = Debug|Any CPU
	EndGlobalSection
	GlobalSection(SolutionProperties) = preSolution
		HideSolutionNode = FALSE
	EndGlobalSection
	GlobalSection(ExtensibilityGlobals) = postSolution
		SolutionGuid = {AF25A5F9-0297-488E-A9E8-63469BCA3DB4}
	EndGlobalSection
EndGlobal
